<?xml version="1.0" encoding="utf-8"?>
<Project ToolsVersion="4.0" xmlns="http://schemas.microsoft.com/developer/msbuild/2003">
  <ItemGroup>
    <Filter Include="Source Files">
      <UniqueIdentifier>{4FC737F1-C7A5-4376-A066-2A32D752A2FF}</UniqueIdentifier>
      <Extensions>cpp;c;cc;cxx;def;odl;idl;hpj;bat;asm;asmx</Extensions>
    </Filter>
    <Filter Include="Header Files">
      <UniqueIdentifier>{93995380-89BD-4b04-88EB-625FBE52EBFB}</UniqueIdentifier>
      <Extensions>h;hh;hpp;hxx;hm;inl;inc;xsd</Extensions>
    </Filter>
    <Filter Include="Header Files\Collections">
      <UniqueIdentifier>{050bea27-6e88-4b0c-8739-d56d2dd4a54a}</UniqueIdentifier>
    </Filter>
    <Filter Include="Source Files\Collections">
      <UniqueIdentifier>{749f77bc-9e7c-4c2c-bee4-b4dc49945423}</UniqueIdentifier>
    </Filter>
    <Filter Include="Header Files\Interop">
      <UniqueIdentifier>{eda099b4-0324-4fd5-b0e7-6cf494cd479e}</UniqueIdentifier>
    </Filter>
    <Filter Include="Source Files\Interop">
      <UniqueIdentifier>{8b049e74-b8a7-41b0-894b-dded875fed39}</UniqueIdentifier>
    </Filter>
  </ItemGroup>
  <ItemGroup>
    <ClInclude Include="Stdafx.h">
      <Filter>Header Files</Filter>
    </ClInclude>
    <ClInclude Include="Utils.h">
      <Filter>Header Files</Filter>
    </ClInclude>
    <ClInclude Include="Session.h">
      <Filter>Header Files</Filter>
    </ClInclude>
    <ClInclude Include="AddTorrentParams.h">
      <Filter>Header Files</Filter>
    </ClInclude>
    <ClInclude Include="TorrentHandle.h">
      <Filter>Header Files</Filter>
    </ClInclude>
    <ClInclude Include="TorrentInfo.h">
      <Filter>Header Files</Filter>
    </ClInclude>
    <ClInclude Include="TorrentStatus.h">
      <Filter>Header Files</Filter>
    </ClInclude>
    <ClInclude Include="Alert.h">
      <Filter>Header Files</Filter>
    </ClInclude>
    <ClInclude Include="TorrentAlert.h">
      <Filter>Header Files</Filter>
    </ClInclude>
    <ClInclude Include="SaveResumeDataAlert.h">
      <Filter>Header Files</Filter>
    </ClInclude>
    <ClInclude Include="ISession.h">
      <Filter>Header Files</Filter>
    </ClInclude>
    <ClInclude Include="TorrentAddedAlert.h">
      <Filter>Header Files</Filter>
    </ClInclude>
    <ClInclude Include="AlertFactory.h">
      <Filter>Header Files</Filter>
    </ClInclude>
    <ClInclude Include="IAlertFactory.h">
      <Filter>Header Files</Filter>
    </ClInclude>
    <ClInclude Include="MetadataReceivedAlert.h">
      <Filter>Header Files</Filter>
    </ClInclude>
    <ClInclude Include="TorrentCreator.h">
      <Filter>Header Files</Filter>
    </ClInclude>
    <ClInclude Include="TorrentState.h">
      <Filter>Header Files</Filter>
    </ClInclude>
    <ClInclude Include="PeerInfo.h">
      <Filter>Header Files</Filter>
    </ClInclude>
    <ClInclude Include="PartialPieceInfo.h">
      <Filter>Header Files</Filter>
    </ClInclude>
    <ClInclude Include="AnnounceEntry.h">
      <Filter>Header Files</Filter>
    </ClInclude>
    <ClInclude Include="TorrentRemovedAlert.h">
      <Filter>Header Files</Filter>
    </ClInclude>
    <ClInclude Include="StateChangedAlert.h">
      <Filter>Header Files</Filter>
    </ClInclude>
    <ClInclude Include="TorrentFinishedAlert.h">
      <Filter>Header Files</Filter>
    </ClInclude>
    <ClInclude Include="SessionAlertCategory.h">
      <Filter>Header Files</Filter>
    </ClInclude>
    <ClInclude Include="SessionStatus.h">
      <Filter>Header Files</Filter>
    </ClInclude>
    <ClInclude Include="TorrentPausedAlert.h">
      <Filter>Header Files</Filter>
    </ClInclude>
    <ClInclude Include="TorrentResumedAlert.h">
      <Filter>Header Files</Filter>
    </ClInclude>
    <ClInclude Include="Collections\Vector.h">
      <Filter>Header Files\Collections</Filter>
    </ClInclude>
    <ClInclude Include="Interop\StringValueConverter.h">
      <Filter>Header Files\Interop</Filter>
    </ClInclude>
    <ClInclude Include="Interop\ValueConverter.h">
      <Filter>Header Files\Interop</Filter>
    </ClInclude>
    <ClInclude Include="TorrentCheckedAlert.h">
      <Filter>Header Files</Filter>
    </ClInclude>
    <ClInclude Include="StatsAlert.h">
      <Filter>Header Files</Filter>
    </ClInclude>
    <ClInclude Include="StateUpdateAlert.h">
      <Filter>Header Files</Filter>
    </ClInclude>
    <ClInclude Include="Interop\TorrentStatusValueConverter.h">
      <Filter>Header Files\Interop</Filter>
    </ClInclude>
    <ClInclude Include="FileCompletedAlert.h">
      <Filter>Header Files</Filter>
    </ClInclude>
    <ClInclude Include="FileRenamedAlert.h">
      <Filter>Header Files</Filter>
    </ClInclude>
    <ClInclude Include="Fingerprint.h">
      <Filter>Header Files</Filter>
    </ClInclude>
    <ClInclude Include="SHA1Hash.h">
      <Filter>Header Files</Filter>
    </ClInclude>
    <ClInclude Include="FileEntry.h">
      <Filter>Header Files</Filter>
    </ClInclude>
    <ClInclude Include="SessionSettings.h">
      <Filter>Header Files</Filter>
    </ClInclude>
    <ClInclude Include="PeerAlert.h">
      <Filter>Header Files</Filter>
    </ClInclude>
    <ClInclude Include="PeerBanAlert.h">
      <Filter>Header Files</Filter>
    </ClInclude>
    <ClInclude Include="PeerUnsnubbedAlert.h">
      <Filter>Header Files</Filter>
    </ClInclude>
    <ClInclude Include="PeerConnectAlert.h">
      <Filter>Header Files</Filter>
    </ClInclude>
    <ClInclude Include="StorageMovedAlert.h">
      <Filter>Header Files</Filter>
    </ClInclude>
    <ClInclude Include="UnwantedBlockAlert.h">
      <Filter>Header Files</Filter>
    </ClInclude>
    <ClInclude Include="PieceFinishedAlert.h">
      <Filter>Header Files</Filter>
    </ClInclude>
    <ClInclude Include="TorrentErrorAlert.h">
      <Filter>Header Files</Filter>
    </ClInclude>
    <ClInclude Include="TrackerAlert.h">
      <Filter>Header Files</Filter>
    </ClInclude>
    <ClInclude Include="ScrapeReplyAlert.h">
      <Filter>Header Files</Filter>
    </ClInclude>
  </ItemGroup>
  <ItemGroup>
    <ClCompile Include="Stdafx.cpp">
      <Filter>Source Files</Filter>
    </ClCompile>
    <ClCompile Include="Utils.cpp">
      <Filter>Source Files</Filter>
    </ClCompile>
    <ClCompile Include="Session.cpp">
      <Filter>Source Files</Filter>
    </ClCompile>
    <ClCompile Include="AddTorrentParams.cpp">
      <Filter>Source Files</Filter>
    </ClCompile>
    <ClCompile Include="TorrentHandle.cpp">
      <Filter>Source Files</Filter>
    </ClCompile>
    <ClCompile Include="TorrentInfo.cpp">
      <Filter>Source Files</Filter>
    </ClCompile>
    <ClCompile Include="TorrentStatus.cpp">
      <Filter>Source Files</Filter>
    </ClCompile>
    <ClCompile Include="Alert.cpp">
      <Filter>Source Files</Filter>
    </ClCompile>
    <ClCompile Include="TorrentAlert.cpp">
      <Filter>Source Files</Filter>
    </ClCompile>
    <ClCompile Include="SaveResumeDataAlert.cpp">
      <Filter>Source Files</Filter>
    </ClCompile>
    <ClCompile Include="TorrentAddedAlert.cpp">
      <Filter>Source Files</Filter>
    </ClCompile>
    <ClCompile Include="AlertFactory.cpp">
      <Filter>Source Files</Filter>
    </ClCompile>
    <ClCompile Include="MetadataReceivedAlert.cpp">
      <Filter>Source Files</Filter>
    </ClCompile>
    <ClCompile Include="TorrentCreator.cpp">
      <Filter>Source Files</Filter>
    </ClCompile>
    <ClCompile Include="PeerInfo.cpp">
      <Filter>Source Files</Filter>
    </ClCompile>
    <ClCompile Include="PartialPieceInfo.cpp">
      <Filter>Source Files</Filter>
    </ClCompile>
    <ClCompile Include="AnnounceEntry.cpp">
      <Filter>Source Files</Filter>
    </ClCompile>
    <ClCompile Include="TorrentRemovedAlert.cpp">
      <Filter>Source Files</Filter>
    </ClCompile>
    <ClCompile Include="StateChangedAlert.cpp">
      <Filter>Source Files</Filter>
    </ClCompile>
    <ClCompile Include="TorrentFinishedAlert.cpp">
      <Filter>Source Files</Filter>
    </ClCompile>
    <ClCompile Include="SessionStatus.cpp">
      <Filter>Source Files</Filter>
    </ClCompile>
    <ClCompile Include="TorrentPausedAlert.cpp">
      <Filter>Source Files</Filter>
    </ClCompile>
    <ClCompile Include="TorrentResumedAlert.cpp">
      <Filter>Source Files</Filter>
    </ClCompile>
    <ClCompile Include="Collections\Vector.cpp">
      <Filter>Source Files\Collections</Filter>
    </ClCompile>
    <ClCompile Include="Interop\StringValueConverter.cpp">
      <Filter>Source Files\Interop</Filter>
    </ClCompile>
    <ClCompile Include="TorrentCheckedAlert.cpp">
      <Filter>Source Files</Filter>
    </ClCompile>
    <ClCompile Include="StatsAlert.cpp">
      <Filter>Source Files</Filter>
    </ClCompile>
    <ClCompile Include="StateUpdateAlert.cpp">
      <Filter>Source Files</Filter>
    </ClCompile>
    <ClCompile Include="Interop\TorrentStatusValueConverter.cpp">
      <Filter>Source Files\Interop</Filter>
    </ClCompile>
    <ClCompile Include="FileCompletedAlert.cpp">
      <Filter>Source Files</Filter>
    </ClCompile>
    <ClCompile Include="FileRenamedAlert.cpp">
      <Filter>Source Files</Filter>
    </ClCompile>
    <ClCompile Include="Fingerprint.cpp">
      <Filter>Source Files</Filter>
    </ClCompile>
    <ClCompile Include="SHA1Hash.cpp">
      <Filter>Source Files</Filter>
    </ClCompile>
    <ClCompile Include="FileEntry.cpp">
      <Filter>Source Files</Filter>
    </ClCompile>
    <ClCompile Include="SessionSettings.cpp">
      <Filter>Source Files</Filter>
    </ClCompile>
    <ClCompile Include="PeerAlert.cpp">
      <Filter>Source Files</Filter>
    </ClCompile>
    <ClCompile Include="PeerBanAlert.cpp">
      <Filter>Source Files</Filter>
    </ClCompile>
    <ClCompile Include="PeerUnsnubbedAlert.cpp">
      <Filter>Source Files</Filter>
    </ClCompile>
    <ClCompile Include="PeerConnectAlert.cpp">
      <Filter>Source Files</Filter>
    </ClCompile>
    <ClCompile Include="StorageMovedAlert.cpp">
      <Filter>Source Files</Filter>
    </ClCompile>
    <ClCompile Include="UnwantedBlockAlert.cpp">
      <Filter>Source Files</Filter>
    </ClCompile>
    <ClCompile Include="PieceFinishedAlert.cpp">
      <Filter>Source Files</Filter>
    </ClCompile>
    <ClCompile Include="TorrentErrorAlert.cpp">
      <Filter>Source Files</Filter>
    </ClCompile>
    <ClCompile Include="TrackerAlert.cpp">
      <Filter>Source Files</Filter>
    </ClCompile>
    <ClCompile Include="ScrapeReplyAlert.cpp">
      <Filter>Source Files</Filter>
    </ClCompile>
  </ItemGroup>
</Project>